
Microsoft Visual Studio Solution File, Format Version 12.00
# Visual Studio Version 17
VisualStudioVersion = 17.14.36414.22
MinimumVisualStudioVersion = 10.0.40219.1
Project("{FAE04EC0-301F-11D3-BF4B-00C04F79EFBC}") = "MonitoringSim", "MonitoringSim\MonitoringSim.csproj", "{1620C63D-1AE2-4B7F-9388-E25A85BA2EAE}"
EndProject
Project("{FAE04EC0-301F-11D3-BF4B-00C04F79EFBC}") = "BLL", "BLL\BLL.csproj", "{921FF4C2-7601-489C-867B-DAE9EB08A640}"
EndProject
Global
	GlobalSection(SolutionConfigurationPlatforms) = preSolution
		Debug|Any CPU = Debug|Any CPU
		Release|Any CPU = Release|Any CPU
	EndGlobalSection
	GlobalSection(ProjectConfigurationPlatforms) = postSolution
		{1620C63D-1AE2-4B7F-9388-E25A85BA2EAE}.Debug|Any CPU.ActiveCfg = Debug|Any CPU
		{1620C63D-1AE2-4B7F-9388-E25A85BA2EAE}.Debug|Any CPU.Build.0 = Debug|Any CPU
		{1620C63D-1AE2-4B7F-9388-E25A85BA2EAE}.Release|Any CPU.ActiveCfg = Release|Any CPU
		{1620C63D-1AE2-4B7F-9388-E25A85BA2EAE}.Release|Any CPU.Build.0 = Release|Any CPU
		{921FF4C2-7601-489C-867B-DAE9EB08A640}.Debug|Any CPU.ActiveCfg = Debug|Any CPU
		{921FF4C2-7601-489C-867B-DAE9EB08A640}.Debug|Any CPU.Build.0 = Debug|Any CPU
		{921FF4C2-7601-489C-867B-DAE9EB08A640}.Release|Any CPU.ActiveCfg = Release|Any CPU
		{921FF4C2-7601-489C-867B-DAE9EB08A640}.Release|Any CPU.Build.0 = Release|Any CPU
	EndGlobalSection
	GlobalSection(SolutionProperties) = preSolution
		HideSolutionNode = FALSE
	EndGlobalSection
	GlobalSection(ExtensibilityGlobals) = postSolution
		SolutionGuid = {21168F2E-52F2-4E21-A4F6-95AFAEBAE11F}
	EndGlobalSection
EndGlobal
